
Microsoft Visual Studio Solution File, Format Version 12.00
# Visual Studio Version 17
VisualStudioVersion = 17.5.33424.131
MinimumVisualStudioVersion = 10.0.40219.1
Project("{FAE04EC0-301F-11D3-BF4B-00C04F79EFBC}") = "CS_String", "CS_String.csproj", "{5F9E0AF1-93FA-4F7F-B7E9-0F4636C6F7D3}"
EndProject
Global
	GlobalSection(SolutionConfigurationPlatforms) = preSolution
		Debug|Any CPU = Debug|Any CPU
		Release|Any CPU = Release|Any CPU
	EndGlobalSection
	GlobalSection(ProjectConfigurationPlatforms) = postSolution
		{5F9E0AF1-93FA-4F7F-B7E9-0F4636C6F7D3}.Debug|Any CPU.ActiveCfg = Debug|Any CPU
		{5F9E0AF1-93FA-4F7F-B7E9-0F4636C6F7D3}.Debug|Any CPU.Build.0 = Debug|Any CPU
		{5F9E0AF1-93FA-4F7F-B7E9-0F4636C6F7D3}.Release|Any CPU.ActiveCfg = Release|Any CPU
		{5F9E0AF1-93FA-4F7F-B7E9-0F4636C6F7D3}.Release|Any CPU.Build.0 = Release|Any CPU
	EndGlobalSection
	GlobalSection(SolutionProperties) = preSolution
		HideSolutionNode = FALSE
	EndGlobalSection
	GlobalSection(ExtensibilityGlobals) = postSolution
		SolutionGuid = {50092B02-85E1-4AC1-9B42-090F667CC50D}
	EndGlobalSection
EndGlobal
